
Microsoft Visual Studio Solution File, Format Version 12.00
# Visual Studio Version 17
VisualStudioVersion = 17.4.33110.190
MinimumVisualStudioVersion = 10.0.40219.1
Project("{FAE04EC0-301F-11D3-BF4B-00C04F79EFBC}") = "EFBasics", "EFBasics\EFBasics.csproj", "{379BB12D-3E17-450B-BE7D-5279A816DAFD}"
EndProject
Global
	GlobalSection(SolutionConfigurationPlatforms) = preSolution
		Debug|Any CPU = Debug|Any CPU
		Release|Any CPU = Release|Any CPU
	EndGlobalSection
	GlobalSection(ProjectConfigurationPlatforms) = postSolution
		{379BB12D-3E17-450B-BE7D-5279A816DAFD}.Debug|Any CPU.ActiveCfg = Debug|Any CPU
		{379BB12D-3E17-450B-BE7D-5279A816DAFD}.Debug|Any CPU.Build.0 = Debug|Any CPU
		{379BB12D-3E17-450B-BE7D-5279A816DAFD}.Release|Any CPU.ActiveCfg = Release|Any CPU
		{379BB12D-3E17-450B-BE7D-5279A816DAFD}.Release|Any CPU.Build.0 = Release|Any CPU
	EndGlobalSection
	GlobalSection(SolutionProperties) = preSolution
		HideSolutionNode = FALSE
	EndGlobalSection
	GlobalSection(ExtensibilityGlobals) = postSolution
		SolutionGuid = {D7EA87B8-ACB9-487E-A127-67C44A4BC33A}
	EndGlobalSection
EndGlobal
